// !$*UTF8*$!
{
	archiveVersion = 1;
	classes = {
	};
	objectVersion = 46;
	objects = {

/* Begin PBXBuildFile section */
		ECF2870F1F128BD4009350F4 /* main.m in Sources */ = {isa = PBXBuildFile; fileRef = ECF2870E1F128BD4009350F4 /* main.m */; };
		ECF287121F128BD4009350F4 /* AppDelegate.m in Sources */ = {isa = PBXBuildFile; fileRef = ECF287111F128BD4009350F4 /* AppDelegate.m */; };
		ECF287151F128BD4009350F4 /* ViewController.m in Sources */ = {isa = PBXBuildFile; fileRef = ECF287141F128BD4009350F4 /* ViewController.m */; };
		ECF287181F128BD4009350F4 /* Main.storyboard in Resources */ = {isa = PBXBuildFile; fileRef = ECF287161F128BD4009350F4 /* Main.storyboard */; };
		ECF2871A1F128BD4009350F4 /* Assets.xcassets in Resources */ = {isa = PBXBuildFile; fileRef = ECF287191F128BD4009350F4 /* Assets.xcassets */; };
		ECF2871D1F128BD4009350F4 /* LaunchScreen.storyboard in Resources */ = {isa = PBXBuildFile; fileRef = ECF2871B1F128BD4009350F4 /* LaunchScreen.storyboard */; };
/* End PBXBuildFile section */

/* Begin PBXFileReference section */
		ECF2870A1F128BD4009350F4 /* ceshi.app */ = {isa = PBXFileReference; explicitFileType = wrapper.application; includeInIndex = 0; path = ceshi.app; sourceTree = BUILT_PRODUCTS_DIR; };
		ECF2870E1F128BD4009350F4 /* main.m */ = {isa = PBXFileReference; lastKnownFileType = sourcecode.c.objc; path = main.m; sourceTree = "<group>"; };
		ECF287101F128BD4009350F4 /* AppDelegate.h */ = {isa = PBXFileReference; lastKnownFileType = sourcecode.c.h; path = AppDelegate.h; sourceTree = "<group>"; };
		ECF287111F128BD4009350F4 /* AppDelegate.m */ = {isa = PBXFileReference; lastKnownFileType = sourcecode.c.objc; path = AppDelegate.m; sourceTree = "<group>"; };
		ECF287131F128BD4009350F4 /* ViewController.h */ = {isa = PBXFileReference; lastKnownFileType = sourcecode.c.h; path = ViewController.h; sourceTree = "<group>"; };
		ECF287141F128BD4009350F4 /* ViewController.m */ = {isa = PBXFileReference; lastKnownFileType = sourcecode.c.objc; path = ViewController.m; sourceTree = "<group>"; };
		ECF287171F128BD4009350F4 /* Base */ = {isa = PBXFileReference; lastKnownFileType = file.storyboard; name = Base; path = Base.lproj/Main.storyboard; sourceTree = "<group>"; };
		ECF287191F128BD4009350F4 /* Assets.xcassets */ = {isa = PBXFileReference; lastKnownFileType = folder.assetcatalog; path = Assets.xcassets; sourceTree = "<group>"; };
		ECF2871C1F128BD4009350F4 /* Base */ = {isa = PBXFileReference; lastKnownFileType = file.storyboard; name = Base; path = Base.lproj/LaunchScreen.storyboard; sourceTree = "<group>"; };
		ECF2871E1F128BD4009350F4 /* Info.plist */ = {isa = PBXFileReference; lastKnownFileType = text.plist.xml; path = Info.plist; sourceTree = "<group>"; };
/* End PBXFileReference section */

/* Begin PBXFrameworksBuildPhase section */
		ECF287071F128BD4009350F4 /* Frameworks */ = {
			isa = PBXFrameworksBuildPhase;
			buildActionMask = 2147483647;
			files = (
			);
			runOnlyForDeploymentPostprocessing = 0;
		};
/* End PBXFrameworksBuildPhase section */

/* Begin PBXGroup section */
		ECF287011F128BD4009350F4 = {
			isa = PBXGroup;
			children = (
				ECF2870C1F128BD4009350F4 /* ceshi */,
				ECF2870B1F128BD4009350F4 /* Products */,
			);
			sourceTree = "<group>";
		};
		ECF2870B1F128BD4009350F4 /* Products */ = {
			isa = PBXGroup;
			children = (
				ECF2870A1F128BD4009350F4 /* ceshi.app */,
			);
			name = Products;
			sourceTree = "<group>";
		};
		ECF2870C1F128BD4009350F4 /* ceshi */ = {
			isa = PBXGroup;
			children = (
				ECF287101F128BD4009350F4 /* AppDelegate.h */,
				ECF287111F128BD4009350F4 /* AppDelegate.m */,
				ECF287131F128BD4009350F4 /* ViewController.h */,
				ECF287141F128BD4009350F4 /* ViewController.m */,
				ECF287161F128BD4009350F4 /* Main.storyboard */,
				ECF287191F128BD4009350F4 /* Assets.xcassets */,
				ECF2871B1F128BD4009350F4 /* LaunchScreen.storyboard */,
				ECF2871E1F128BD4009350F4 /* Info.plist */,
				ECF2870D1F128BD4009350F4 /* Supporting Files */,
			);
			path = ceshi;
			sourceTree = "<group>";
		};
		ECF2870D1F128BD4009350F4 /* Supporting Files */ = {
			isa = PBXGroup;
			children = (
				ECF2870E1F128BD4009350F4 /* main.m */,
			);
			name = "Supporting Files";
			sourceTree = "<group>";
		};
/* End PBXGroup section */

/* Begin PBXNativeTarget section */
		ECF287091F128BD4009350F4 /* ceshi */ = {
			isa = PBXNativeTarget;
			buildConfigurationList = ECF287211F128BD4009350F4 /* Build configuration list for PBXNativeTarget "ceshi" */;
			buildPhases = (
				ECF287061F128BD4009350F4 /* Sources */,
				ECF287071F128BD4009350F4 /* Frameworks */,
				ECF287081F128BD4009350F4 /* Resources */,
			);
			buildRules = (
			);
			dependencies = (
			);
			name = ceshi;
			productName = ceshi;
			productReference = ECF2870A1F128BD4009350F4 /* ceshi.app */;
			productType = "com.apple.product-type.application";
		};
/* End PBXNativeTarget section */

/* Begin PBXProject section */
		ECF287021F128BD4009350F4 /* Project object */ = {
			isa = PBXProject;
			attributes = {
				LastUpgradeCheck = 0830;
				ORGANIZATIONNAME = "apple－pc";
				TargetAttributes = {
					ECF287091F128BD4009350F4 = {
						CreatedOnToolsVersion = 8.3;
						ProvisioningStyle = Automatic;
					};
				};
			};
			buildConfigurationList = ECF287051F128BD4009350F4 /* Build configuration list for PBXProject "ceshi" */;
			compatibilityVersion = "Xcode 3.2";
			developmentRegion = English;
			hasScannedForEncodings = 0;
			knownRegions = (
				en,
				Base,
			);
			mainGroup = ECF287011F128BD4009350F4;
			productRefGroup = ECF2870B1F128BD4009350F4 /* Products */;
			projectDirPath = "";
			projectRoot = "";
			targets = (
				ECF287091F128BD4009350F4 /* ceshi */,
			);
		};
/* End PBXProject section */

/* Begin PBXResourcesBuildPhase section */
		ECF287081F128BD4009350F4 /* Resources */ = {
			isa = PBXResourcesBuildPhase;
			buildActionMask = 2147483647;
			files = (
				ECF2871D1F128BD4009350F4 /* LaunchScreen.storyboard in Resources */,
				ECF2871A1F128BD4009350F4 /* Assets.xcassets in Resources */,
				ECF287181F128BD4009350F4 /* Main.storyboard in Resources */,
			);
			runOnlyForDeploymentPostprocessing = 0;
		};
/* End PBXResourcesBuildPhase section */

/* Begin PBXSourcesBuildPhase section */
		ECF287061F128BD4009350F4 /* Sources */ = {
			isa = PBXSourcesBuildPhase;
			buildActionMask = 2147483647;
			files = (
				ECF287151F128BD4009350F4 /* ViewController.m in Sources */,
				ECF287121F128BD4009350F4 /* AppDelegate.m in Sources */,
				ECF2870F1F128BD4009350F4 /* main.m in Sources */,
			);
			runOnlyForDeploymentPostprocessing = 0;
		};
/* End PBXSourcesBuildPhase section */

/* Begin PBXVariantGroup section */
		ECF287161F128BD4009350F4 /* Main.storyboard */ = {
			isa = PBXVariantGroup;
			children = (
				ECF287171F128BD4009350F4 /* Base */,
			);
			name = Main.storyboard;
			sourceTree = "<group>";
		};
		ECF2871B1F128BD4009350F4 /* LaunchScreen.storyboard */ = {
			isa = PBXVariantGroup;
			children = (
				ECF2871C1F128BD4009350F4 /* Base */,
			);
			name = LaunchScreen.storyboard;
			sourceTree = "<group>";
		};
/* End PBXVariantGroup section */

/* Begin XCBuildConfiguration section */
		ECF2871F1F128BD4009350F4 /* Debug */ = {
			isa = XCBuildConfiguration;
			buildSettings = {
				ALWAYS_SEARCH_USER_PATHS = NO;
				CLANG_ANALYZER_NONNULL = YES;
				CLANG_ANALYZER_NUMBER_OBJECT_CONVERSION = YES_AGGRESSIVE;
				CLANG_CXX_LANGUAGE_STANDARD = "gnu++0x";
				CLANG_CXX_LIBRARY = "libc++";
				CLANG_ENABLE_MODULES = YES;
				CLANG_ENABLE_OBJC_ARC = YES;
				CLANG_WARN_BOOL_CONVERSION = YES;
				CLANG_WARN_CONSTANT_CONVERSION = YES;
				CLANG_WARN_DIRECT_OBJC_ISA_USAGE = YES_ERROR;
				CLANG_WARN_DOCUMENTATION_COMMENTS = YES;
				CLANG_WARN_EMPTY_BODY = YES;
				CLANG_WARN_ENUM_CONVERSION = YES;
				CLANG_WARN_INFINITE_RECURSION = YES;
				CLANG_WARN_INT_CONVERSION = YES;
				CLANG_WARN_OBJC_ROOT_CLASS = YES_ERROR;
				CLANG_WARN_SUSPICIOUS_MOVE = YES;
				CLANG_WARN_UNREACHABLE_CODE = YES;
				CLANG_WARN__DUPLICATE_METHOD_MATCH = YES;
				"CODE_SIGN_IDENTITY[sdk=iphoneos*]" = "iPhone Developer";
				COPY_PHASE_STRIP = NO;
				DEBUG_INFORMATION_FORMAT = dwarf;
				ENABLE_STRICT_OBJC_MSGSEND = YES;
				ENABLE_TESTABILITY = YES;
				GCC_C_LANGUAGE_STANDARD = gnu99;
				GCC_DYNAMIC_NO_PIC = NO;
				GCC_NO_COMMON_BLOCKS = YES;
				GCC_OPTIMIZATION_LEVEL = 0;
				GCC_PREPROCESSOR_DEFINITIONS = (
					"DEBUG=1",
					"$(inherited)",
				);
				GCC_WARN_64_TO_32_BIT_CONVERSION = YES;
				GCC_WARN_ABOUT_RETURN_TYPE = YES_ERROR;
				GCC_WARN_UNDECLARED_SELECTOR = YES;
				GCC_WARN_UNINITIALIZED_AUTOS = YES_AGGRESSIVE;
				GCC_WARN_UNUSED_FUNCTION = YES;
				GCC_WARN_UNUSED_VARIABLE = YES;
				IPHONEOS_DEPLOYMENT_TARGET = 10.3;
				MTL_ENABLE_DEBUG_INFO = YES;
				ONLY_ACTIVE_ARCH = YES;
				SDKROOT = iphoneos;
			};
			name = Debug;
		};
		ECF287201F128BD4009350F4 /* Release */ = {
			isa = XCBuildConfiguration;
			buildSettings = {
				ALWAYS_SEARCH_USER_PATHS = NO;
				CLANG_ANALYZER_NONNULL = YES;
				CLANG_ANALYZER_NUMBER_OBJECT_CONVERSION = YES_AGGRESSIVE;
				CLANG_CXX_LANGUAGE_STANDARD = "gnu++0x";
				CLANG_CXX_LIBRARY = "libc++";
				CLANG_ENABLE_MODULES = YES;
				CLANG_ENABLE_OBJC_ARC = YES;
				CLANG_WARN_BOOL_CONVERSION = YES;
				CLANG_WARN_CONSTANT_CONVERSION = YES;
				CLANG_WARN_DIRECT_OBJC_ISA_USAGE = YES_ERROR;
				CLANG_WARN_DOCUMENTATION_COMMENTS = YES;
				CLANG_WARN_EMPTY_BODY = YES;
				CLANG_WARN_ENUM_CONVERSION = YES;
				CLANG_WARN_INFINITE_RECURSION = YES;
				CLANG_WARN_INT_CONVERSION = YES;
				CLANG_WARN_OBJC_ROOT_CLASS = YES_ERROR;
				CLANG_WARN_SUSPICIOUS_MOVE = YES;
				CLANG_WARN_UNREACHABLE_CODE = YES;
				CLANG_WARN__DUPLICATE_METHOD_MATCH = YES;
				"CODE_SIGN_IDENTITY[sdk=iphoneos*]" = "iPhone Developer";
				COPY_PHASE_STRIP = NO;
				DEBUG_INFORMATION_FORMAT = "dwarf-with-dsym";
				ENABLE_NS_ASSERTIONS = NO;
				ENABLE_STRICT_OBJC_MSGSEND = YES;
				GCC_C_LANGUAGE_STANDARD = gnu99;
				GCC_NO_COMMON_BLOCKS = YES;
				GCC_WARN_64_TO_32_BIT_CONVERSION = YES;
				GCC_WARN_ABOUT_RETURN_TYPE = YES_ERROR;
				GCC_WARN_UNDECLARED_SELECTOR = YES;
				GCC_WARN_UNINITIALIZED_AUTOS = YES_AGGRESSIVE;
				GCC_WARN_UNUSED_FUNCTION = YES;
				GCC_WARN_UNUSED_VARIABLE = YES;
				IPHONEOS_DEPLOYMENT_TARGET = 10.3;
				MTL_ENABLE_DEBUG_INFO = NO;
				SDKROOT = iphoneos;
				VALIDATE_PRODUCT = YES;
			};
			name = Release;
		};
		ECF287221F128BD4009350F4 /* Debug */ = {
			isa = XCBuildConfiguration;
			buildSettings = {
				ASSETCATALOG_COMPILER_APPICON_NAME = AppIcon;
				INFOPLIST_FILE = ceshi/Info.plist;
				LD_RUNPATH_SEARCH_PATHS = "$(inherited) @executable_path/Frameworks";
				PRODUCT_BUNDLE_IDENTIFIER = com.liang.ceshi;
				PRODUCT_NAME = "$(TARGET_NAME)";
			};
			name = Debug;
		};
		ECF287231F128BD4009350F4 /* Release */ = {
			isa = XCBuildConfiguration;
			buildSettings = {
				ASSETCATALOG_COMPILER_APPICON_NAME = AppIcon;
				INFOPLIST_FILE = ceshi/Info.plist;
				LD_RUNPATH_SEARCH_PATHS = "$(inherited) @executable_path/Frameworks";
				PRODUCT_BUNDLE_IDENTIFIER = com.liang.ceshi;
				PRODUCT_NAME = "$(TARGET_NAME)";
			};
			name = Release;
		};
/* End XCBuildConfiguration section */

/* Begin XCConfigurationList section */
		ECF287051F128BD4009350F4 /* Build configuration list for PBXProject "ceshi" */ = {
			isa = XCConfigurationList;
			buildConfigurations = (
				ECF2871F1F128BD4009350F4 /* Debug */,
				ECF287201F128BD4009350F4 /* Release */,
			);
			defaultConfigurationIsVisible = 0;
			defaultConfigurationName = Release;
		};
		ECF287211F128BD4009350F4 /* Build configuration list for PBXNativeTarget "ceshi" */ = {
			isa = XCConfigurationList;
			buildConfigurations = (
				ECF287221F128BD4009350F4 /* Debug */,
				ECF287231F128BD4009350F4 /* Release */,
			);
			defaultConfigurationIsVisible = 0;
		};
/* End XCConfigurationList section */
	};
	rootObject = ECF287021F128BD4009350F4 /* Project object */;
}
